<?xml version="1.0" encoding="UTF-8" standalone="yes" ?>
<CodeBlocks_project_file>
	<FileVersion major="1" minor="6" />
	<Project>
		<Option title="bbd" />
		<Option pch_mode="2" />
		<Option compiler="gcc" />
		<Build>
			<Target title="debug">
				<Option output="bin/debug/bbd" prefix_auto="1" extension_auto="1" />
				<Option object_output="obj/debug/" />
				<Option type="1" />
				<Option compiler="gcc" />
				<Option parameters="-I../samples --unit-tests ../samples/tests.txt" />
				<Compiler>
					<Add option="-g" />
				</Compiler>
			</Target>
			<Target title="release">
				<Option output="bin/release/bbd" prefix_auto="1" extension_auto="1" />
				<Option object_output="obj/release/" />
				<Option type="1" />
				<Option compiler="gcc" />
				<Option parameters="-I../samples --unit-tests ../samples/tests.txt" />
				<Compiler>
					<Add option="-O2" />
					<Add option="-DNDEBUG" />
				</Compiler>
				<Linker>
					<Add option="-s" />
				</Linker>
			</Target>
		</Build>
		<Compiler>
			<Add option="-pedantic" />
			<Add option="-W" />
			<Add option="-ansi" />
			<Add option="-fexceptions" />
		</Compiler>
		<Unit filename="baseobject.cpp" />
		<Unit filename="baseobject.hpp" />
		<Unit filename="callstackitem.cpp" />
		<Unit filename="callstackitem.hpp" />
		<Unit filename="class_hierarchy.txt" />
		<Unit filename="clifactory.cpp" />
		<Unit filename="clifactory.hpp" />
		<Unit filename="clilogger.cpp" />
		<Unit filename="clilogger.hpp" />
		<Unit filename="climutex.cpp" />
		<Unit filename="climutex.hpp" />
		<Unit filename="codeposition.cpp" />
		<Unit filename="codeposition.hpp" />
		<Unit filename="context.cpp" />
		<Unit filename="context.hpp" />
		<Unit filename="countptr.hpp" />
		<Unit filename="exitvalue.cpp" />
		<Unit filename="exitvalue.hpp" />
		<Unit filename="gen_builtin.pl" />
		<Unit filename="gen_operators.pl" />
		<Unit filename="general.hpp" />
		<Unit filename="init_static_objects.cpp" />
		<Unit filename="lexan.cpp" />
		<Unit filename="lexan.hpp" />
		<Unit filename="lexaniterator.cpp" />
		<Unit filename="lexaniterator.hpp" />
		<Unit filename="lexaniteratorfile.cpp" />
		<Unit filename="lexaniteratorfile.hpp" />
		<Unit filename="lexaniteratorstring.cpp" />
		<Unit filename="lexaniteratorstring.hpp" />
		<Unit filename="lexantokens.hpp" />
		<Unit filename="logger.cpp" />
		<Unit filename="logger.hpp" />
		<Unit filename="main.cpp" />
		<Unit filename="mutex.cpp" />
		<Unit filename="mutex.hpp" />
		<Unit filename="mutexlocker.cpp" />
		<Unit filename="mutexlocker.hpp" />
		<Unit filename="node.cpp" />
		<Unit filename="node.hpp" />
		<Unit filename="nodebinary.cpp" />
		<Unit filename="nodebinary.hpp" />
		<Unit filename="nodebinaryadd.cpp" />
		<Unit filename="nodebinaryadd.hpp" />
		<Unit filename="nodebinaryand.cpp" />
		<Unit filename="nodebinaryand.hpp" />
		<Unit filename="nodebinaryass.cpp" />
		<Unit filename="nodebinaryass.hpp" />
		<Unit filename="nodebinaryassadd.cpp" />
		<Unit filename="nodebinaryassadd.hpp" />
		<Unit filename="nodebinaryassdiv.cpp" />
		<Unit filename="nodebinaryassdiv.hpp" />
		<Unit filename="nodebinaryassmod.cpp" />
		<Unit filename="nodebinaryassmod.hpp" />
		<Unit filename="nodebinaryassmult.cpp" />
		<Unit filename="nodebinaryassmult.hpp" />
		<Unit filename="nodebinaryassref.cpp" />
		<Unit filename="nodebinaryassref.hpp" />
		<Unit filename="nodebinaryasssub.cpp" />
		<Unit filename="nodebinaryasssub.hpp" />
		<Unit filename="nodebinarydiv.cpp" />
		<Unit filename="nodebinarydiv.hpp" />
		<Unit filename="nodebinaryeq.cpp" />
		<Unit filename="nodebinaryeq.hpp" />
		<Unit filename="nodebinaryge.cpp" />
		<Unit filename="nodebinaryge.hpp" />
		<Unit filename="nodebinarygt.cpp" />
		<Unit filename="nodebinarygt.hpp" />
		<Unit filename="nodebinaryindex.cpp" />
		<Unit filename="nodebinaryindex.hpp" />
		<Unit filename="nodebinaryle.cpp" />
		<Unit filename="nodebinaryle.hpp" />
		<Unit filename="nodebinarylt.cpp" />
		<Unit filename="nodebinarylt.hpp" />
		<Unit filename="nodebinarymember.cpp" />
		<Unit filename="nodebinarymember.hpp" />
		<Unit filename="nodebinarymod.cpp" />
		<Unit filename="nodebinarymod.hpp" />
		<Unit filename="nodebinarymult.cpp" />
		<Unit filename="nodebinarymult.hpp" />
		<Unit filename="nodebinaryne.cpp" />
		<Unit filename="nodebinaryne.hpp" />
		<Unit filename="nodebinaryor.cpp" />
		<Unit filename="nodebinaryor.hpp" />
		<Unit filename="nodebinarysub.cpp" />
		<Unit filename="nodebinarysub.hpp" />
		<Unit filename="nodeblock.cpp" />
		<Unit filename="nodeblock.hpp" />
		<Unit filename="nodebuiltin_inst.cpp" />
		<Unit filename="nodebuiltin_inst.hpp" />
		<Unit filename="nodebuiltinadd.cpp" />
		<Unit filename="nodebuiltinadd.hpp" />
		<Unit filename="nodebuiltinarray.cpp" />
		<Unit filename="nodebuiltinarray.hpp" />
		<Unit filename="nodebuiltinassert.cpp" />
		<Unit filename="nodebuiltinassert.hpp" />
		<Unit filename="nodebuiltinback.cpp" />
		<Unit filename="nodebuiltinback.hpp" />
		<Unit filename="nodebuiltinbreakpoint.cpp" />
		<Unit filename="nodebuiltinbreakpoint.hpp" />
		<Unit filename="nodebuiltincontains.cpp" />
		<Unit filename="nodebuiltincontains.hpp" />
		<Unit filename="nodebuiltindeleteedge.cpp" />
		<Unit filename="nodebuiltindeleteedge.hpp" />
		<Unit filename="nodebuiltindeletevertex.cpp" />
		<Unit filename="nodebuiltindeletevertex.hpp" />
		<Unit filename="nodebuiltindifference.cpp" />
		<Unit filename="nodebuiltindifference.hpp" />
		<Unit filename="nodebuiltindump.cpp" />
		<Unit filename="nodebuiltindump.hpp" />
		<Unit filename="nodebuiltinecho.cpp" />
		<Unit filename="nodebuiltinecho.hpp" />
		<Unit filename="nodebuiltinedgeset.cpp" />
		<Unit filename="nodebuiltinedgeset.hpp" />
		<Unit filename="nodebuiltinexit.cpp" />
		<Unit filename="nodebuiltinexit.hpp" />
		<Unit filename="nodebuiltinfront.cpp" />
		<Unit filename="nodebuiltinfront.hpp" />
		<Unit filename="nodebuiltingenerateedge.cpp" />
		<Unit filename="nodebuiltingenerateedge.hpp" />
		<Unit filename="nodebuiltingeneratevertex.cpp" />
		<Unit filename="nodebuiltingeneratevertex.hpp" />
		<Unit filename="nodebuiltingetbeginvertex.cpp" />
		<Unit filename="nodebuiltingetbeginvertex.hpp" />
		<Unit filename="nodebuiltingetdegree.cpp" />
		<Unit filename="nodebuiltingetdegree.hpp" />
		<Unit filename="nodebuiltingetedges.cpp" />
		<Unit filename="nodebuiltingetedges.hpp" />
		<Unit filename="nodebuiltingetendvertex.cpp" />
		<Unit filename="nodebuiltingetendvertex.hpp" />
		<Unit filename="nodebuiltingetneighbors.cpp" />
		<Unit filename="nodebuiltingetneighbors.hpp" />
		<Unit filename="nodebuiltingetnumedges.cpp" />
		<Unit filename="nodebuiltingetnumedges.hpp" />
		<Unit filename="nodebuiltingetnumvertices.cpp" />
		<Unit filename="nodebuiltingetnumvertices.hpp" />
		<Unit filename="nodebuiltingetvertices.cpp" />
		<Unit filename="nodebuiltingetvertices.hpp" />
		<Unit filename="nodebuiltingraph.cpp" />
		<Unit filename="nodebuiltingraph.hpp" />
		<Unit filename="nodebuiltinhasnext.cpp" />
		<Unit filename="nodebuiltinhasnext.hpp" />
		<Unit filename="nodebuiltinintersection.cpp" />
		<Unit filename="nodebuiltinintersection.hpp" />
		<Unit filename="nodebuiltininvertedgesorientation.cpp" />
		<Unit filename="nodebuiltininvertedgesorientation.hpp" />
		<Unit filename="nodebuiltinisarray.cpp" />
		<Unit filename="nodebuiltinisarray.hpp" />
		<Unit filename="nodebuiltinisbool.cpp" />
		<Unit filename="nodebuiltinisbool.hpp" />
		<Unit filename="nodebuiltinisedge.cpp" />
		<Unit filename="nodebuiltinisedge.hpp" />
		<Unit filename="nodebuiltinisedgeset.cpp" />
		<Unit filename="nodebuiltinisedgeset.hpp" />
		<Unit filename="nodebuiltinisfloat.cpp" />
		<Unit filename="nodebuiltinisfloat.hpp" />
		<Unit filename="nodebuiltinisgraph.cpp" />
		<Unit filename="nodebuiltinisgraph.hpp" />
		<Unit filename="nodebuiltinisint.cpp" />
		<Unit filename="nodebuiltinisint.hpp" />
		<Unit filename="nodebuiltinisnull.cpp" />
		<Unit filename="nodebuiltinisnull.hpp" />
		<Unit filename="nodebuiltinisoriented.cpp" />
		<Unit filename="nodebuiltinisoriented.hpp" />
		<Unit filename="nodebuiltinisstring.cpp" />
		<Unit filename="nodebuiltinisstring.hpp" />
		<Unit filename="nodebuiltinisstruct.cpp" />
		<Unit filename="nodebuiltinisstruct.hpp" />
		<Unit filename="nodebuiltinisvertex.cpp" />
		<Unit filename="nodebuiltinisvertex.hpp" />
		<Unit filename="nodebuiltinisvertexset.cpp" />
		<Unit filename="nodebuiltinisvertexset.hpp" />
		<Unit filename="nodebuiltiniterator.cpp" />
		<Unit filename="nodebuiltiniterator.hpp" />
		<Unit filename="nodebuiltinloadfromfile.cpp" />
		<Unit filename="nodebuiltinloadfromfile.hpp" />
		<Unit filename="nodebuiltinnext.cpp" />
		<Unit filename="nodebuiltinnext.hpp" />
		<Unit filename="nodebuiltinpopback.cpp" />
		<Unit filename="nodebuiltinpopback.hpp" />
		<Unit filename="nodebuiltinpopfront.cpp" />
		<Unit filename="nodebuiltinpopfront.hpp" />
		<Unit filename="nodebuiltinprintstacktrace.cpp" />
		<Unit filename="nodebuiltinprintstacktrace.hpp" />
		<Unit filename="nodebuiltinpushback.cpp" />
		<Unit filename="nodebuiltinpushback.hpp" />
		<Unit filename="nodebuiltinpushfront.cpp" />
		<Unit filename="nodebuiltinpushfront.hpp" />
		<Unit filename="nodebuiltinresetiterator.cpp" />
		<Unit filename="nodebuiltinresetiterator.hpp" />
		<Unit filename="nodebuiltinsetoriented.cpp" />
		<Unit filename="nodebuiltinsetoriented.hpp" />
		<Unit filename="nodebuiltinsize.cpp" />
		<Unit filename="nodebuiltinsize.hpp" />
		<Unit filename="nodebuiltinstruct.cpp" />
		<Unit filename="nodebuiltinstruct.hpp" />
		<Unit filename="nodebuiltinunion.cpp" />
		<Unit filename="nodebuiltinunion.hpp" />
		<Unit filename="nodebuiltinverify.cpp" />
		<Unit filename="nodebuiltinverify.hpp" />
		<Unit filename="nodebuiltinvertexset.cpp" />
		<Unit filename="nodebuiltinvertexset.hpp" />
		<Unit filename="nodebuiltinvisregister.cpp" />
		<Unit filename="nodebuiltinvisregister.hpp" />
		<Unit filename="nodebuiltinvisscreenshot.cpp" />
		<Unit filename="nodebuiltinvisscreenshot.hpp" />
		<Unit filename="nodebuiltinvissetcolor.cpp" />
		<Unit filename="nodebuiltinvissetcolor.hpp" />
		<Unit filename="nodebuiltinvissetpos.cpp" />
		<Unit filename="nodebuiltinvissetpos.hpp" />
		<Unit filename="nodebuiltinvissetview.cpp" />
		<Unit filename="nodebuiltinvissetview.hpp" />
		<Unit filename="nodebuiltinvisuseweightwhenpaintingedges.cpp" />
		<Unit filename="nodebuiltinvisuseweightwhenpaintingedges.hpp" />
		<Unit filename="nodecondition.cpp" />
		<Unit filename="nodecondition.hpp" />
		<Unit filename="nodeemptycommand.cpp" />
		<Unit filename="nodeemptycommand.hpp" />
		<Unit filename="nodeforeach.cpp" />
		<Unit filename="nodeforeach.hpp" />
		<Unit filename="nodefunction.cpp" />
		<Unit filename="nodefunction.hpp" />
		<Unit filename="nodefunctionbuiltin.cpp" />
		<Unit filename="nodefunctionbuiltin.hpp" />
		<Unit filename="nodefunctioncall.cpp" />
		<Unit filename="nodefunctioncall.hpp" />
		<Unit filename="nodefunctionscript.cpp" />
		<Unit filename="nodefunctionscript.hpp" />
		<Unit filename="nodeglobal.cpp" />
		<Unit filename="nodeglobal.hpp" />
		<Unit filename="nodejumpbreak.cpp" />
		<Unit filename="nodejumpbreak.hpp" />
		<Unit filename="nodejumpcontinue.cpp" />
		<Unit filename="nodejumpcontinue.hpp" />
		<Unit filename="nodeloop.cpp" />
		<Unit filename="nodeloop.hpp" />
		<Unit filename="nodeposition.cpp" />
		<Unit filename="nodeposition.hpp" />
		<Unit filename="nodeunary.cpp" />
		<Unit filename="nodeunary.hpp" />
		<Unit filename="nodeunarydecpost.cpp" />
		<Unit filename="nodeunarydecpost.hpp" />
		<Unit filename="nodeunarydecpre.cpp" />
		<Unit filename="nodeunarydecpre.hpp" />
		<Unit filename="nodeunaryincpost.cpp" />
		<Unit filename="nodeunaryincpost.hpp" />
		<Unit filename="nodeunaryincpre.cpp" />
		<Unit filename="nodeunaryincpre.hpp" />
		<Unit filename="nodeunarynot.cpp" />
		<Unit filename="nodeunarynot.hpp" />
		<Unit filename="nodeunaryreturn.cpp" />
		<Unit filename="nodeunaryreturn.hpp" />
		<Unit filename="nodeunarysub.cpp" />
		<Unit filename="nodeunarysub.hpp" />
		<Unit filename="nodevalue.cpp" />
		<Unit filename="nodevalue.hpp" />
		<Unit filename="objectcreator.cpp" />
		<Unit filename="objectcreator.hpp" />
		<Unit filename="objectfactory.cpp" />
		<Unit filename="objectfactory.hpp" />
		<Unit filename="parser.cpp" />
		<Unit filename="parser.hpp" />
		<Unit filename="parser.y" />
		<Unit filename="stringtable.cpp" />
		<Unit filename="stringtable.hpp" />
		<Unit filename="tests.cpp" />
		<Unit filename="tests.hpp" />
		<Unit filename="value.cpp" />
		<Unit filename="value.hpp" />
		<Unit filename="valuearray.cpp" />
		<Unit filename="valuearray.hpp" />
		<Unit filename="valuebool.cpp" />
		<Unit filename="valuebool.hpp" />
		<Unit filename="valueedge.cpp" />
		<Unit filename="valueedge.hpp" />
		<Unit filename="valueedgeset.cpp" />
		<Unit filename="valueedgeset.hpp" />
		<Unit filename="valuefloat.cpp" />
		<Unit filename="valuefloat.hpp" />
		<Unit filename="valuegraph.cpp" />
		<Unit filename="valuegraph.hpp" />
		<Unit filename="valueidentifier.cpp" />
		<Unit filename="valueidentifier.hpp" />
		<Unit filename="valueint.cpp" />
		<Unit filename="valueint.hpp" />
		<Unit filename="valuenull.cpp" />
		<Unit filename="valuenull.hpp" />
		<Unit filename="valuereference.cpp" />
		<Unit filename="valuereference.hpp" />
		<Unit filename="valuestring.cpp" />
		<Unit filename="valuestring.hpp" />
		<Unit filename="valuestruct.cpp" />
		<Unit filename="valuestruct.hpp" />
		<Unit filename="valuevertex.cpp" />
		<Unit filename="valuevertex.hpp" />
		<Unit filename="valuevertexset.cpp" />
		<Unit filename="valuevertexset.hpp" />
		<Unit filename="version.hpp" />
		<Unit filename="visualizationconnector.cpp" />
		<Unit filename="visualizationconnector.hpp" />
		<Extensions>
			<code_completion />
			<envvars />
			<lib_finder disable_auto="1" />
			<wxsmith version="1">
				<gui name="wxWidgets" src="" main="" init_handlers="necessary" language="CPP" />
			</wxsmith>
			<debugger />
		</Extensions>
	</Project>
</CodeBlocks_project_file>
